
Microsoft Visual Studio Solution File, Format Version 12.00
# Visual Studio Version 16
VisualStudioVersion = 16.0.30320.27
MinimumVisualStudioVersion = 10.0.40219.1
Project("{9A19103F-16F7-4668-BE54-9A1E7A4F7556}") = "MusicPlayer", "src\MusicPlayer\MusicPlayer.csproj", "{9390A21D-B884-41B6-9246-1E9BAB01E0EC}"
EndProject
Global
	GlobalSection(SolutionConfigurationPlatforms) = preSolution
		Debug|Any CPU = Debug|Any CPU
		Release|Any CPU = Release|Any CPU
	EndGlobalSection
	GlobalSection(ProjectConfigurationPlatforms) = postSolution
		{9390A21D-B884-41B6-9246-1E9BAB01E0EC}.Debug|Any CPU.ActiveCfg = Debug|Any CPU
		{9390A21D-B884-41B6-9246-1E9BAB01E0EC}.Debug|Any CPU.Build.0 = Debug|Any CPU
		{9390A21D-B884-41B6-9246-1E9BAB01E0EC}.Release|Any CPU.ActiveCfg = Release|Any CPU
		{9390A21D-B884-41B6-9246-1E9BAB01E0EC}.Release|Any CPU.Build.0 = Release|Any CPU
	EndGlobalSection
	GlobalSection(SolutionProperties) = preSolution
		HideSolutionNode = FALSE
	EndGlobalSection
	GlobalSection(ExtensibilityGlobals) = postSolution
		SolutionGuid = {5ABC8B35-315B-414A-81B4-F0F7CDD6393C}
	EndGlobalSection
EndGlobal
